
Microsoft Visual Studio Solution File, Format Version 12.00
# Visual Studio Version 16
VisualStudioVersion = 16.0.30011.22
MinimumVisualStudioVersion = 10.0.40219.1
Project("{FAE04EC0-301F-11D3-BF4B-00C04F79EFBC}") = "delegate_sort", "delegate_sort\delegate_sort.csproj", "{22B367B4-1ABA-4AEA-9552-A698DB72CAD0}"
EndProject
Global
	GlobalSection(SolutionConfigurationPlatforms) = preSolution
		Debug|Any CPU = Debug|Any CPU
		Release|Any CPU = Release|Any CPU
	EndGlobalSection
	GlobalSection(ProjectConfigurationPlatforms) = postSolution
		{22B367B4-1ABA-4AEA-9552-A698DB72CAD0}.Debug|Any CPU.ActiveCfg = Debug|Any CPU
		{22B367B4-1ABA-4AEA-9552-A698DB72CAD0}.Debug|Any CPU.Build.0 = Debug|Any CPU
		{22B367B4-1ABA-4AEA-9552-A698DB72CAD0}.Release|Any CPU.ActiveCfg = Release|Any CPU
		{22B367B4-1ABA-4AEA-9552-A698DB72CAD0}.Release|Any CPU.Build.0 = Release|Any CPU
	EndGlobalSection
	GlobalSection(SolutionProperties) = preSolution
		HideSolutionNode = FALSE
	EndGlobalSection
	GlobalSection(ExtensibilityGlobals) = postSolution
		SolutionGuid = {EBA5BD3B-BD05-4C1D-AA2C-E66798E5A558}
	EndGlobalSection
EndGlobal
