
Microsoft Visual Studio Solution File, Format Version 12.00
# Visual Studio Version 16
VisualStudioVersion = 16.0.30204.135
MinimumVisualStudioVersion = 10.0.40219.1
Project("{FAE04EC0-301F-11D3-BF4B-00C04F79EFBC}") = "L20200614_HTML", "L20200614_HTML\L20200614_HTML.csproj", "{B7FCE64D-38D0-4F3B-ADE4-749FD7CED8D3}"
EndProject
Global
	GlobalSection(SolutionConfigurationPlatforms) = preSolution
		Debug|Any CPU = Debug|Any CPU
		Release|Any CPU = Release|Any CPU
	EndGlobalSection
	GlobalSection(ProjectConfigurationPlatforms) = postSolution
		{B7FCE64D-38D0-4F3B-ADE4-749FD7CED8D3}.Debug|Any CPU.ActiveCfg = Debug|Any CPU
		{B7FCE64D-38D0-4F3B-ADE4-749FD7CED8D3}.Debug|Any CPU.Build.0 = Debug|Any CPU
		{B7FCE64D-38D0-4F3B-ADE4-749FD7CED8D3}.Release|Any CPU.ActiveCfg = Release|Any CPU
		{B7FCE64D-38D0-4F3B-ADE4-749FD7CED8D3}.Release|Any CPU.Build.0 = Release|Any CPU
	EndGlobalSection
	GlobalSection(SolutionProperties) = preSolution
		HideSolutionNode = FALSE
	EndGlobalSection
	GlobalSection(ExtensibilityGlobals) = postSolution
		SolutionGuid = {634047FC-CE7B-4C3B-B770-505B801785DF}
	EndGlobalSection
EndGlobal
