
Microsoft Visual Studio Solution File, Format Version 12.00
# Visual Studio Version 16
VisualStudioVersion = 16.0.29709.97
MinimumVisualStudioVersion = 10.0.40219.1
Project("{FAE04EC0-301F-11D3-BF4B-00C04F79EFBC}") = "Lesson29012020_Time", "Lesson29012020_Time.csproj", "{91E75C1F-9F12-4655-89BE-AE20C7F9107E}"
EndProject
Global
	GlobalSection(SolutionConfigurationPlatforms) = preSolution
		Debug|Any CPU = Debug|Any CPU
		Release|Any CPU = Release|Any CPU
	EndGlobalSection
	GlobalSection(ProjectConfigurationPlatforms) = postSolution
		{91E75C1F-9F12-4655-89BE-AE20C7F9107E}.Debug|Any CPU.ActiveCfg = Debug|Any CPU
		{91E75C1F-9F12-4655-89BE-AE20C7F9107E}.Debug|Any CPU.Build.0 = Debug|Any CPU
		{91E75C1F-9F12-4655-89BE-AE20C7F9107E}.Release|Any CPU.ActiveCfg = Release|Any CPU
		{91E75C1F-9F12-4655-89BE-AE20C7F9107E}.Release|Any CPU.Build.0 = Release|Any CPU
	EndGlobalSection
	GlobalSection(SolutionProperties) = preSolution
		HideSolutionNode = FALSE
	EndGlobalSection
	GlobalSection(ExtensibilityGlobals) = postSolution
		SolutionGuid = {EDF49A2A-0B51-41C7-86B5-934704256650}
	EndGlobalSection
EndGlobal
