
Microsoft Visual Studio Solution File, Format Version 12.00
# Visual Studio Version 16
VisualStudioVersion = 16.0.29806.167
MinimumVisualStudioVersion = 10.0.40219.1
Project("{FAE04EC0-301F-11D3-BF4B-00C04F79EFBC}") = "Inherit_abstract_Sandwich_create_ingridients", "Inherit_abstract_Sandwich_create_ingridients.csproj", "{585A8099-2C29-423D-B2BC-524D653C6776}"
EndProject
Global
	GlobalSection(SolutionConfigurationPlatforms) = preSolution
		Debug|Any CPU = Debug|Any CPU
		Release|Any CPU = Release|Any CPU
	EndGlobalSection
	GlobalSection(ProjectConfigurationPlatforms) = postSolution
		{585A8099-2C29-423D-B2BC-524D653C6776}.Debug|Any CPU.ActiveCfg = Debug|Any CPU
		{585A8099-2C29-423D-B2BC-524D653C6776}.Debug|Any CPU.Build.0 = Debug|Any CPU
		{585A8099-2C29-423D-B2BC-524D653C6776}.Release|Any CPU.ActiveCfg = Release|Any CPU
		{585A8099-2C29-423D-B2BC-524D653C6776}.Release|Any CPU.Build.0 = Release|Any CPU
	EndGlobalSection
	GlobalSection(SolutionProperties) = preSolution
		HideSolutionNode = FALSE
	EndGlobalSection
	GlobalSection(ExtensibilityGlobals) = postSolution
		SolutionGuid = {012A4209-9CCA-4133-826B-4311C3E471ED}
	EndGlobalSection
EndGlobal
